
Microsoft Visual Studio Solution File, Format Version 12.00
# Visual Studio Version 16
VisualStudioVersion = 16.0.31005.135
MinimumVisualStudioVersion = 10.0.40219.1
Project("{8BC9CEB8-8B4A-11D0-8D11-00A0C91BC942}") = "EmptyWindow(01)", "First\First.vcxproj", "{47F588A7-B36F-4006-9DC8-486739EDBD06}"
EndProject
Project("{8BC9CEB8-8B4A-11D0-8D11-00A0C91BC942}") = "Triangle(02)", "Triangle\Triangle.vcxproj", "{896EE59E-1B0D-406D-BB00-C9FBDD69F023}"
EndProject
Project("{8BC9CEB8-8B4A-11D0-8D11-00A0C91BC942}") = "ColorableTriangle(03)", "Colorable triangle\Colorable triangle.vcxproj", "{3B66B20B-41B3-4BCD-9DAF-7D555072CE0E}"
EndProject
Project("{8BC9CEB8-8B4A-11D0-8D11-00A0C91BC942}") = "TriangleWithTextures(04)", "TriangleWithTextures\TriangleWithTextures.vcxproj", "{4CCEF229-992D-499D-9FD9-65C859C4D482}"
EndProject
Project("{8BC9CEB8-8B4A-11D0-8D11-00A0C91BC942}") = "MoveableRectangleWithTexture", "MoveableRectangleWithTexture\MoveableRectangleWithTexture.vcxproj", "{724361B5-AEB3-4642-BF64-7EEE8876319F}"
EndProject
Global
	GlobalSection(SolutionConfigurationPlatforms) = preSolution
		Debug|x64 = Debug|x64
		Debug|x86 = Debug|x86
		Release|x64 = Release|x64
		Release|x86 = Release|x86
	EndGlobalSection
	GlobalSection(ProjectConfigurationPlatforms) = postSolution
		{47F588A7-B36F-4006-9DC8-486739EDBD06}.Debug|x64.ActiveCfg = Debug|x64
		{47F588A7-B36F-4006-9DC8-486739EDBD06}.Debug|x64.Build.0 = Debug|x64
		{47F588A7-B36F-4006-9DC8-486739EDBD06}.Debug|x86.ActiveCfg = Debug|Win32
		{47F588A7-B36F-4006-9DC8-486739EDBD06}.Debug|x86.Build.0 = Debug|Win32
		{47F588A7-B36F-4006-9DC8-486739EDBD06}.Release|x64.ActiveCfg = Release|x64
		{47F588A7-B36F-4006-9DC8-486739EDBD06}.Release|x64.Build.0 = Release|x64
		{47F588A7-B36F-4006-9DC8-486739EDBD06}.Release|x86.ActiveCfg = Release|Win32
		{47F588A7-B36F-4006-9DC8-486739EDBD06}.Release|x86.Build.0 = Release|Win32
		{896EE59E-1B0D-406D-BB00-C9FBDD69F023}.Debug|x64.ActiveCfg = Debug|x64
		{896EE59E-1B0D-406D-BB00-C9FBDD69F023}.Debug|x64.Build.0 = Debug|x64
		{896EE59E-1B0D-406D-BB00-C9FBDD69F023}.Debug|x86.ActiveCfg = Debug|Win32
		{896EE59E-1B0D-406D-BB00-C9FBDD69F023}.Debug|x86.Build.0 = Debug|Win32
		{896EE59E-1B0D-406D-BB00-C9FBDD69F023}.Release|x64.ActiveCfg = Release|x64
		{896EE59E-1B0D-406D-BB00-C9FBDD69F023}.Release|x64.Build.0 = Release|x64
		{896EE59E-1B0D-406D-BB00-C9FBDD69F023}.Release|x86.ActiveCfg = Release|Win32
		{896EE59E-1B0D-406D-BB00-C9FBDD69F023}.Release|x86.Build.0 = Release|Win32
		{3B66B20B-41B3-4BCD-9DAF-7D555072CE0E}.Debug|x64.ActiveCfg = Debug|x64
		{3B66B20B-41B3-4BCD-9DAF-7D555072CE0E}.Debug|x64.Build.0 = Debug|x64
		{3B66B20B-41B3-4BCD-9DAF-7D555072CE0E}.Debug|x86.ActiveCfg = Debug|Win32
		{3B66B20B-41B3-4BCD-9DAF-7D555072CE0E}.Debug|x86.Build.0 = Debug|Win32
		{3B66B20B-41B3-4BCD-9DAF-7D555072CE0E}.Release|x64.ActiveCfg = Release|x64
		{3B66B20B-41B3-4BCD-9DAF-7D555072CE0E}.Release|x64.Build.0 = Release|x64
		{3B66B20B-41B3-4BCD-9DAF-7D555072CE0E}.Release|x86.ActiveCfg = Release|Win32
		{3B66B20B-41B3-4BCD-9DAF-7D555072CE0E}.Release|x86.Build.0 = Release|Win32
		{4CCEF229-992D-499D-9FD9-65C859C4D482}.Debug|x64.ActiveCfg = Debug|x64
		{4CCEF229-992D-499D-9FD9-65C859C4D482}.Debug|x64.Build.0 = Debug|x64
		{4CCEF229-992D-499D-9FD9-65C859C4D482}.Debug|x86.ActiveCfg = Debug|Win32
		{4CCEF229-992D-499D-9FD9-65C859C4D482}.Debug|x86.Build.0 = Debug|Win32
		{4CCEF229-992D-499D-9FD9-65C859C4D482}.Release|x64.ActiveCfg = Release|x64
		{4CCEF229-992D-499D-9FD9-65C859C4D482}.Release|x64.Build.0 = Release|x64
		{4CCEF229-992D-499D-9FD9-65C859C4D482}.Release|x86.ActiveCfg = Release|Win32
		{4CCEF229-992D-499D-9FD9-65C859C4D482}.Release|x86.Build.0 = Release|Win32
		{724361B5-AEB3-4642-BF64-7EEE8876319F}.Debug|x64.ActiveCfg = Debug|x64
		{724361B5-AEB3-4642-BF64-7EEE8876319F}.Debug|x64.Build.0 = Debug|x64
		{724361B5-AEB3-4642-BF64-7EEE8876319F}.Debug|x86.ActiveCfg = Debug|Win32
		{724361B5-AEB3-4642-BF64-7EEE8876319F}.Debug|x86.Build.0 = Debug|Win32
		{724361B5-AEB3-4642-BF64-7EEE8876319F}.Release|x64.ActiveCfg = Release|x64
		{724361B5-AEB3-4642-BF64-7EEE8876319F}.Release|x64.Build.0 = Release|x64
		{724361B5-AEB3-4642-BF64-7EEE8876319F}.Release|x86.ActiveCfg = Release|Win32
		{724361B5-AEB3-4642-BF64-7EEE8876319F}.Release|x86.Build.0 = Release|Win32
	EndGlobalSection
	GlobalSection(SolutionProperties) = preSolution
		HideSolutionNode = FALSE
	EndGlobalSection
	GlobalSection(ExtensibilityGlobals) = postSolution
		SolutionGuid = {6B7C40E1-1D46-4007-8BE8-22C3650142AC}
	EndGlobalSection
EndGlobal
